// !$*UTF8*$!
{
	archiveVersion = 1;
	classes = {
	};
	objectVersion = 50;
	objects = {

/* Begin PBXBuildFile section */
		139F4DFCE72D25C7E87050E4 /* Pods_GiststestApp.framework in Frameworks */ = {isa = PBXBuildFile; fileRef = 5A1441A92380285309788672 /* Pods_GiststestApp.framework */; };
		37672F862132D16800557F1E /* AppDelegate.swift in Sources */ = {isa = PBXBuildFile; fileRef = 37672F852132D16800557F1E /* AppDelegate.swift */; };
		37672F882132D16800557F1E /* ViewController.swift in Sources */ = {isa = PBXBuildFile; fileRef = 37672F872132D16800557F1E /* ViewController.swift */; };
		37672F8B2132D16800557F1E /* Main.storyboard in Resources */ = {isa = PBXBuildFile; fileRef = 37672F892132D16800557F1E /* Main.storyboard */; };
		37672F8D2132D16C00557F1E /* Assets.xcassets in Resources */ = {isa = PBXBuildFile; fileRef = 37672F8C2132D16C00557F1E /* Assets.xcassets */; };
		37672F902132D16C00557F1E /* LaunchScreen.storyboard in Resources */ = {isa = PBXBuildFile; fileRef = 37672F8E2132D16C00557F1E /* LaunchScreen.storyboard */; };
		37672FA02132D38700557F1E /* GistList.storyboard in Resources */ = {isa = PBXBuildFile; fileRef = 37672F992132D38700557F1E /* GistList.storyboard */; };
		37672FA12132D38700557F1E /* GistListDisplayData.swift in Sources */ = {isa = PBXBuildFile; fileRef = 37672F9A2132D38700557F1E /* GistListDisplayData.swift */; };
		37672FA22132D38700557F1E /* GistListPresenter.swift in Sources */ = {isa = PBXBuildFile; fileRef = 37672F9B2132D38700557F1E /* GistListPresenter.swift */; };
		37672FA32132D38700557F1E /* GistListRouter.swift in Sources */ = {isa = PBXBuildFile; fileRef = 37672F9C2132D38700557F1E /* GistListRouter.swift */; };
		37672FA42132D38700557F1E /* GistListModuleApi.swift in Sources */ = {isa = PBXBuildFile; fileRef = 37672F9D2132D38700557F1E /* GistListModuleApi.swift */; };
		37672FA52132D38700557F1E /* GistListInteractor.swift in Sources */ = {isa = PBXBuildFile; fileRef = 37672F9E2132D38700557F1E /* GistListInteractor.swift */; };
		37672FA62132D38700557F1E /* GistListView.swift in Sources */ = {isa = PBXBuildFile; fileRef = 37672F9F2132D38700557F1E /* GistListView.swift */; };
		37672FAA2132D6E600557F1E /* AppModules.swift in Sources */ = {isa = PBXBuildFile; fileRef = 37672FA92132D6E600557F1E /* AppModules.swift */; };
		37672FAD2132DAF200557F1E /* UploadingResult.swift in Sources */ = {isa = PBXBuildFile; fileRef = 37672FAC2132DAF200557F1E /* UploadingResult.swift */; };
		37672FB02132DC1B00557F1E /* GistModel.swift in Sources */ = {isa = PBXBuildFile; fileRef = 37672FAF2132DC1B00557F1E /* GistModel.swift */; };
		37672FB22132F30200557F1E /* NetworkService.swift in Sources */ = {isa = PBXBuildFile; fileRef = 37672FB12132F30200557F1E /* NetworkService.swift */; };
/* End PBXBuildFile section */

/* Begin PBXFileReference section */
		0BE4DCA12FFFBCE7FA6A7D23 /* Pods-GiststestApp.debug.xcconfig */ = {isa = PBXFileReference; includeInIndex = 1; lastKnownFileType = text.xcconfig; name = "Pods-GiststestApp.debug.xcconfig"; path = "Pods/Target Support Files/Pods-GiststestApp/Pods-GiststestApp.debug.xcconfig"; sourceTree = "<group>"; };
		1DB158412591F62E7EBDE7BC /* Pods-GiststestApp.release.xcconfig */ = {isa = PBXFileReference; includeInIndex = 1; lastKnownFileType = text.xcconfig; name = "Pods-GiststestApp.release.xcconfig"; path = "Pods/Target Support Files/Pods-GiststestApp/Pods-GiststestApp.release.xcconfig"; sourceTree = "<group>"; };
		37672F822132D16800557F1E /* GiststestApp.app */ = {isa = PBXFileReference; explicitFileType = wrapper.application; includeInIndex = 0; path = GiststestApp.app; sourceTree = BUILT_PRODUCTS_DIR; };
		37672F852132D16800557F1E /* AppDelegate.swift */ = {isa = PBXFileReference; lastKnownFileType = sourcecode.swift; path = AppDelegate.swift; sourceTree = "<group>"; };
		37672F872132D16800557F1E /* ViewController.swift */ = {isa = PBXFileReference; lastKnownFileType = sourcecode.swift; path = ViewController.swift; sourceTree = "<group>"; };
		37672F8A2132D16800557F1E /* Base */ = {isa = PBXFileReference; lastKnownFileType = file.storyboard; name = Base; path = Base.lproj/Main.storyboard; sourceTree = "<group>"; };
		37672F8C2132D16C00557F1E /* Assets.xcassets */ = {isa = PBXFileReference; lastKnownFileType = folder.assetcatalog; path = Assets.xcassets; sourceTree = "<group>"; };
		37672F8F2132D16C00557F1E /* Base */ = {isa = PBXFileReference; lastKnownFileType = file.storyboard; name = Base; path = Base.lproj/LaunchScreen.storyboard; sourceTree = "<group>"; };
		37672F912132D16C00557F1E /* Info.plist */ = {isa = PBXFileReference; lastKnownFileType = text.plist.xml; path = Info.plist; sourceTree = "<group>"; };
		37672F992132D38700557F1E /* GistList.storyboard */ = {isa = PBXFileReference; lastKnownFileType = file.storyboard; path = GistList.storyboard; sourceTree = "<group>"; };
		37672F9A2132D38700557F1E /* GistListDisplayData.swift */ = {isa = PBXFileReference; lastKnownFileType = sourcecode.swift; path = GistListDisplayData.swift; sourceTree = "<group>"; };
		37672F9B2132D38700557F1E /* GistListPresenter.swift */ = {isa = PBXFileReference; lastKnownFileType = sourcecode.swift; path = GistListPresenter.swift; sourceTree = "<group>"; };
		37672F9C2132D38700557F1E /* GistListRouter.swift */ = {isa = PBXFileReference; lastKnownFileType = sourcecode.swift; path = GistListRouter.swift; sourceTree = "<group>"; };
		37672F9D2132D38700557F1E /* GistListModuleApi.swift */ = {isa = PBXFileReference; lastKnownFileType = sourcecode.swift; path = GistListModuleApi.swift; sourceTree = "<group>"; };
		37672F9E2132D38700557F1E /* GistListInteractor.swift */ = {isa = PBXFileReference; lastKnownFileType = sourcecode.swift; path = GistListInteractor.swift; sourceTree = "<group>"; };
		37672F9F2132D38700557F1E /* GistListView.swift */ = {isa = PBXFileReference; lastKnownFileType = sourcecode.swift; path = GistListView.swift; sourceTree = "<group>"; };
		37672FA92132D6E600557F1E /* AppModules.swift */ = {isa = PBXFileReference; fileEncoding = 4; lastKnownFileType = sourcecode.swift; path = AppModules.swift; sourceTree = "<group>"; };
		37672FAC2132DAF200557F1E /* UploadingResult.swift */ = {isa = PBXFileReference; lastKnownFileType = sourcecode.swift; path = UploadingResult.swift; sourceTree = "<group>"; };
		37672FAF2132DC1B00557F1E /* GistModel.swift */ = {isa = PBXFileReference; lastKnownFileType = sourcecode.swift; path = GistModel.swift; sourceTree = "<group>"; };
		37672FB12132F30200557F1E /* NetworkService.swift */ = {isa = PBXFileReference; lastKnownFileType = sourcecode.swift; path = NetworkService.swift; sourceTree = "<group>"; };
		5A1441A92380285309788672 /* Pods_GiststestApp.framework */ = {isa = PBXFileReference; explicitFileType = wrapper.framework; includeInIndex = 0; path = Pods_GiststestApp.framework; sourceTree = BUILT_PRODUCTS_DIR; };
/* End PBXFileReference section */

/* Begin PBXFrameworksBuildPhase section */
		37672F7F2132D16800557F1E /* Frameworks */ = {
			isa = PBXFrameworksBuildPhase;
			buildActionMask = 2147483647;
			files = (
				139F4DFCE72D25C7E87050E4 /* Pods_GiststestApp.framework in Frameworks */,
			);
			runOnlyForDeploymentPostprocessing = 0;
		};
/* End PBXFrameworksBuildPhase section */

/* Begin PBXGroup section */
		37672F792132D16800557F1E = {
			isa = PBXGroup;
			children = (
				37672F842132D16800557F1E /* GiststestApp */,
				37672F832132D16800557F1E /* Products */,
				3AD42FDD097C9E356B301EE8 /* Pods */,
				39CC2C934F437B5C94A1A335 /* Frameworks */,
			);
			sourceTree = "<group>";
		};
		37672F832132D16800557F1E /* Products */ = {
			isa = PBXGroup;
			children = (
				37672F822132D16800557F1E /* GiststestApp.app */,
			);
			name = Products;
			sourceTree = "<group>";
		};
		37672F842132D16800557F1E /* GiststestApp */ = {
			isa = PBXGroup;
			children = (
				37672F972132D34D00557F1E /* Modules */,
				37672FAE2132DBF500557F1E /* Models */,
				37672FAB2132DAB200557F1E /* Other */,
				37672F852132D16800557F1E /* AppDelegate.swift */,
				37672F872132D16800557F1E /* ViewController.swift */,
				37672F892132D16800557F1E /* Main.storyboard */,
				37672F8C2132D16C00557F1E /* Assets.xcassets */,
				37672F8E2132D16C00557F1E /* LaunchScreen.storyboard */,
				37672F912132D16C00557F1E /* Info.plist */,
			);
			path = GiststestApp;
			sourceTree = "<group>";
		};
		37672F972132D34D00557F1E /* Modules */ = {
			isa = PBXGroup;
			children = (
				37672FA92132D6E600557F1E /* AppModules.swift */,
				37672F982132D36200557F1E /* GistList */,
			);
			path = Modules;
			sourceTree = "<group>";
		};
		37672F982132D36200557F1E /* GistList */ = {
			isa = PBXGroup;
			children = (
				37672F992132D38700557F1E /* GistList.storyboard */,
				37672F9A2132D38700557F1E /* GistListDisplayData.swift */,
				37672F9B2132D38700557F1E /* GistListPresenter.swift */,
				37672F9C2132D38700557F1E /* GistListRouter.swift */,
				37672F9D2132D38700557F1E /* GistListModuleApi.swift */,
				37672F9E2132D38700557F1E /* GistListInteractor.swift */,
				37672F9F2132D38700557F1E /* GistListView.swift */,
			);
			path = GistList;
			sourceTree = "<group>";
		};
		37672FAB2132DAB200557F1E /* Other */ = {
			isa = PBXGroup;
			children = (
				37672FAC2132DAF200557F1E /* UploadingResult.swift */,
				37672FB12132F30200557F1E /* NetworkService.swift */,
			);
			path = Other;
			sourceTree = "<group>";
		};
		37672FAE2132DBF500557F1E /* Models */ = {
			isa = PBXGroup;
			children = (
				37672FAF2132DC1B00557F1E /* GistModel.swift */,
			);
			path = Models;
			sourceTree = "<group>";
		};
		39CC2C934F437B5C94A1A335 /* Frameworks */ = {
			isa = PBXGroup;
			children = (
				5A1441A92380285309788672 /* Pods_GiststestApp.framework */,
			);
			name = Frameworks;
			sourceTree = "<group>";
		};
		3AD42FDD097C9E356B301EE8 /* Pods */ = {
			isa = PBXGroup;
			children = (
				0BE4DCA12FFFBCE7FA6A7D23 /* Pods-GiststestApp.debug.xcconfig */,
				1DB158412591F62E7EBDE7BC /* Pods-GiststestApp.release.xcconfig */,
			);
			name = Pods;
			sourceTree = "<group>";
		};
/* End PBXGroup section */

/* Begin PBXNativeTarget section */
		37672F812132D16800557F1E /* GiststestApp */ = {
			isa = PBXNativeTarget;
			buildConfigurationList = 37672F942132D16C00557F1E /* Build configuration list for PBXNativeTarget "GiststestApp" */;
			buildPhases = (
				A57CE9298429D85AC401514E /* [CP] Check Pods Manifest.lock */,
				37672F7E2132D16800557F1E /* Sources */,
				37672F7F2132D16800557F1E /* Frameworks */,
				37672F802132D16800557F1E /* Resources */,
				63E515071C239AF2CD28009E /* [CP] Embed Pods Frameworks */,
			);
			buildRules = (
			);
			dependencies = (
			);
			name = GiststestApp;
			productName = GiststestApp;
			productReference = 37672F822132D16800557F1E /* GiststestApp.app */;
			productType = "com.apple.product-type.application";
		};
/* End PBXNativeTarget section */

/* Begin PBXProject section */
		37672F7A2132D16800557F1E /* Project object */ = {
			isa = PBXProject;
			attributes = {
				LastSwiftUpdateCheck = 0940;
				LastUpgradeCheck = 0940;
				ORGANIZATIONNAME = WayRay;
				TargetAttributes = {
					37672F812132D16800557F1E = {
						CreatedOnToolsVersion = 9.4.1;
					};
				};
			};
			buildConfigurationList = 37672F7D2132D16800557F1E /* Build configuration list for PBXProject "GiststestApp" */;
			compatibilityVersion = "Xcode 9.3";
			developmentRegion = en;
			hasScannedForEncodings = 0;
			knownRegions = (
				en,
				Base,
			);
			mainGroup = 37672F792132D16800557F1E;
			productRefGroup = 37672F832132D16800557F1E /* Products */;
			projectDirPath = "";
			projectRoot = "";
			targets = (
				37672F812132D16800557F1E /* GiststestApp */,
			);
		};
/* End PBXProject section */

/* Begin PBXResourcesBuildPhase section */
		37672F802132D16800557F1E /* Resources */ = {
			isa = PBXResourcesBuildPhase;
			buildActionMask = 2147483647;
			files = (
				37672F902132D16C00557F1E /* LaunchScreen.storyboard in Resources */,
				37672FA02132D38700557F1E /* GistList.storyboard in Resources */,
				37672F8D2132D16C00557F1E /* Assets.xcassets in Resources */,
				37672F8B2132D16800557F1E /* Main.storyboard in Resources */,
			);
			runOnlyForDeploymentPostprocessing = 0;
		};
/* End PBXResourcesBuildPhase section */

/* Begin PBXShellScriptBuildPhase section */
		63E515071C239AF2CD28009E /* [CP] Embed Pods Frameworks */ = {
			isa = PBXShellScriptBuildPhase;
			buildActionMask = 2147483647;
			files = (
			);
			inputPaths = (
				"${SRCROOT}/Pods/Target Support Files/Pods-GiststestApp/Pods-GiststestApp-frameworks.sh",
				"${BUILT_PRODUCTS_DIR}/Viperit/Viperit.framework",
			);
			name = "[CP] Embed Pods Frameworks";
			outputPaths = (
				"${TARGET_BUILD_DIR}/${FRAMEWORKS_FOLDER_PATH}/Viperit.framework",
			);
			runOnlyForDeploymentPostprocessing = 0;
			shellPath = /bin/sh;
			shellScript = "\"${SRCROOT}/Pods/Target Support Files/Pods-GiststestApp/Pods-GiststestApp-frameworks.sh\"\n";
			showEnvVarsInLog = 0;
		};
		A57CE9298429D85AC401514E /* [CP] Check Pods Manifest.lock */ = {
			isa = PBXShellScriptBuildPhase;
			buildActionMask = 2147483647;
			files = (
			);
			inputPaths = (
				"${PODS_PODFILE_DIR_PATH}/Podfile.lock",
				"${PODS_ROOT}/Manifest.lock",
			);
			name = "[CP] Check Pods Manifest.lock";
			outputPaths = (
				"$(DERIVED_FILE_DIR)/Pods-GiststestApp-checkManifestLockResult.txt",
			);
			runOnlyForDeploymentPostprocessing = 0;
			shellPath = /bin/sh;
			shellScript = "diff \"${PODS_PODFILE_DIR_PATH}/Podfile.lock\" \"${PODS_ROOT}/Manifest.lock\" > /dev/null\nif [ $? != 0 ] ; then\n    # print error to STDERR\n    echo \"error: The sandbox is not in sync with the Podfile.lock. Run 'pod install' or update your CocoaPods installation.\" >&2\n    exit 1\nfi\n# This output is used by Xcode 'outputs' to avoid re-running this script phase.\necho \"SUCCESS\" > \"${SCRIPT_OUTPUT_FILE_0}\"\n";
			showEnvVarsInLog = 0;
		};
/* End PBXShellScriptBuildPhase section */

/* Begin PBXSourcesBuildPhase section */
		37672F7E2132D16800557F1E /* Sources */ = {
			isa = PBXSourcesBuildPhase;
			buildActionMask = 2147483647;
			files = (
				37672F882132D16800557F1E /* ViewController.swift in Sources */,
				37672FA42132D38700557F1E /* GistListModuleApi.swift in Sources */,
				37672FA22132D38700557F1E /* GistListPresenter.swift in Sources */,
				37672FA62132D38700557F1E /* GistListView.swift in Sources */,
				37672FB02132DC1B00557F1E /* GistModel.swift in Sources */,
				37672FAD2132DAF200557F1E /* UploadingResult.swift in Sources */,
				37672F862132D16800557F1E /* AppDelegate.swift in Sources */,
				37672FA32132D38700557F1E /* GistListRouter.swift in Sources */,
				37672FAA2132D6E600557F1E /* AppModules.swift in Sources */,
				37672FA52132D38700557F1E /* GistListInteractor.swift in Sources */,
				37672FB22132F30200557F1E /* NetworkService.swift in Sources */,
				37672FA12132D38700557F1E /* GistListDisplayData.swift in Sources */,
			);
			runOnlyForDeploymentPostprocessing = 0;
		};
/* End PBXSourcesBuildPhase section */

/* Begin PBXVariantGroup section */
		37672F892132D16800557F1E /* Main.storyboard */ = {
			isa = PBXVariantGroup;
			children = (
				37672F8A2132D16800557F1E /* Base */,
			);
			name = Main.storyboard;
			sourceTree = "<group>";
		};
		37672F8E2132D16C00557F1E /* LaunchScreen.storyboard */ = {
			isa = PBXVariantGroup;
			children = (
				37672F8F2132D16C00557F1E /* Base */,
			);
			name = LaunchScreen.storyboard;
			sourceTree = "<group>";
		};
/* End PBXVariantGroup section */

/* Begin XCBuildConfiguration section */
		37672F922132D16C00557F1E /* Debug */ = {
			isa = XCBuildConfiguration;
			buildSettings = {
				ALWAYS_SEARCH_USER_PATHS = NO;
				CLANG_ANALYZER_NONNULL = YES;
				CLANG_ANALYZER_NUMBER_OBJECT_CONVERSION = YES_AGGRESSIVE;
				CLANG_CXX_LANGUAGE_STANDARD = "gnu++14";
				CLANG_CXX_LIBRARY = "libc++";
				CLANG_ENABLE_MODULES = YES;
				CLANG_ENABLE_OBJC_ARC = YES;
				CLANG_ENABLE_OBJC_WEAK = YES;
				CLANG_WARN_BLOCK_CAPTURE_AUTORELEASING = YES;
				CLANG_WARN_BOOL_CONVERSION = YES;
				CLANG_WARN_COMMA = YES;
				CLANG_WARN_CONSTANT_CONVERSION = YES;
				CLANG_WARN_DEPRECATED_OBJC_IMPLEMENTATIONS = YES;
				CLANG_WARN_DIRECT_OBJC_ISA_USAGE = YES_ERROR;
				CLANG_WARN_DOCUMENTATION_COMMENTS = YES;
				CLANG_WARN_EMPTY_BODY = YES;
				CLANG_WARN_ENUM_CONVERSION = YES;
				CLANG_WARN_INFINITE_RECURSION = YES;
				CLANG_WARN_INT_CONVERSION = YES;
				CLANG_WARN_NON_LITERAL_NULL_CONVERSION = YES;
				CLANG_WARN_OBJC_IMPLICIT_RETAIN_SELF = YES;
				CLANG_WARN_OBJC_LITERAL_CONVERSION = YES;
				CLANG_WARN_OBJC_ROOT_CLASS = YES_ERROR;
				CLANG_WARN_RANGE_LOOP_ANALYSIS = YES;
				CLANG_WARN_STRICT_PROTOTYPES = YES;
				CLANG_WARN_SUSPICIOUS_MOVE = YES;
				CLANG_WARN_UNGUARDED_AVAILABILITY = YES_AGGRESSIVE;
				CLANG_WARN_UNREACHABLE_CODE = YES;
				CLANG_WARN__DUPLICATE_METHOD_MATCH = YES;
				CODE_SIGN_IDENTITY = "iPhone Developer";
				COPY_PHASE_STRIP = NO;
				DEBUG_INFORMATION_FORMAT = dwarf;
				ENABLE_STRICT_OBJC_MSGSEND = YES;
				ENABLE_TESTABILITY = YES;
				GCC_C_LANGUAGE_STANDARD = gnu11;
				GCC_DYNAMIC_NO_PIC = NO;
				GCC_NO_COMMON_BLOCKS = YES;
				GCC_OPTIMIZATION_LEVEL = 0;
				GCC_PREPROCESSOR_DEFINITIONS = (
					"DEBUG=1",
					"$(inherited)",
				);
				GCC_WARN_64_TO_32_BIT_CONVERSION = YES;
				GCC_WARN_ABOUT_RETURN_TYPE = YES_ERROR;
				GCC_WARN_UNDECLARED_SELECTOR = YES;
				GCC_WARN_UNINITIALIZED_AUTOS = YES_AGGRESSIVE;
				GCC_WARN_UNUSED_FUNCTION = YES;
				GCC_WARN_UNUSED_VARIABLE = YES;
				IPHONEOS_DEPLOYMENT_TARGET = 11.4;
				MTL_ENABLE_DEBUG_INFO = YES;
				ONLY_ACTIVE_ARCH = YES;
				SDKROOT = iphoneos;
				SWIFT_ACTIVE_COMPILATION_CONDITIONS = DEBUG;
				SWIFT_OPTIMIZATION_LEVEL = "-Onone";
			};
			name = Debug;
		};
		37672F932132D16C00557F1E /* Release */ = {
			isa = XCBuildConfiguration;
			buildSettings = {
				ALWAYS_SEARCH_USER_PATHS = NO;
				CLANG_ANALYZER_NONNULL = YES;
				CLANG_ANALYZER_NUMBER_OBJECT_CONVERSION = YES_AGGRESSIVE;
				CLANG_CXX_LANGUAGE_STANDARD = "gnu++14";
				CLANG_CXX_LIBRARY = "libc++";
				CLANG_ENABLE_MODULES = YES;
				CLANG_ENABLE_OBJC_ARC = YES;
				CLANG_ENABLE_OBJC_WEAK = YES;
				CLANG_WARN_BLOCK_CAPTURE_AUTORELEASING = YES;
				CLANG_WARN_BOOL_CONVERSION = YES;
				CLANG_WARN_COMMA = YES;
				CLANG_WARN_CONSTANT_CONVERSION = YES;
				CLANG_WARN_DEPRECATED_OBJC_IMPLEMENTATIONS = YES;
				CLANG_WARN_DIRECT_OBJC_ISA_USAGE = YES_ERROR;
				CLANG_WARN_DOCUMENTATION_COMMENTS = YES;
				CLANG_WARN_EMPTY_BODY = YES;
				CLANG_WARN_ENUM_CONVERSION = YES;
				CLANG_WARN_INFINITE_RECURSION = YES;
				CLANG_WARN_INT_CONVERSION = YES;
				CLANG_WARN_NON_LITERAL_NULL_CONVERSION = YES;
				CLANG_WARN_OBJC_IMPLICIT_RETAIN_SELF = YES;
				CLANG_WARN_OBJC_LITERAL_CONVERSION = YES;
				CLANG_WARN_OBJC_ROOT_CLASS = YES_ERROR;
				CLANG_WARN_RANGE_LOOP_ANALYSIS = YES;
				CLANG_WARN_STRICT_PROTOTYPES = YES;
				CLANG_WARN_SUSPICIOUS_MOVE = YES;
				CLANG_WARN_UNGUARDED_AVAILABILITY = YES_AGGRESSIVE;
				CLANG_WARN_UNREACHABLE_CODE = YES;
				CLANG_WARN__DUPLICATE_METHOD_MATCH = YES;
				CODE_SIGN_IDENTITY = "iPhone Developer";
				COPY_PHASE_STRIP = NO;
				DEBUG_INFORMATION_FORMAT = "dwarf-with-dsym";
				ENABLE_NS_ASSERTIONS = NO;
				ENABLE_STRICT_OBJC_MSGSEND = YES;
				GCC_C_LANGUAGE_STANDARD = gnu11;
				GCC_NO_COMMON_BLOCKS = YES;
				GCC_WARN_64_TO_32_BIT_CONVERSION = YES;
				GCC_WARN_ABOUT_RETURN_TYPE = YES_ERROR;
				GCC_WARN_UNDECLARED_SELECTOR = YES;
				GCC_WARN_UNINITIALIZED_AUTOS = YES_AGGRESSIVE;
				GCC_WARN_UNUSED_FUNCTION = YES;
				GCC_WARN_UNUSED_VARIABLE = YES;
				IPHONEOS_DEPLOYMENT_TARGET = 11.4;
				MTL_ENABLE_DEBUG_INFO = NO;
				SDKROOT = iphoneos;
				SWIFT_COMPILATION_MODE = wholemodule;
				SWIFT_OPTIMIZATION_LEVEL = "-O";
				VALIDATE_PRODUCT = YES;
			};
			name = Release;
		};
		37672F952132D16C00557F1E /* Debug */ = {
			isa = XCBuildConfiguration;
			baseConfigurationReference = 0BE4DCA12FFFBCE7FA6A7D23 /* Pods-GiststestApp.debug.xcconfig */;
			buildSettings = {
				ASSETCATALOG_COMPILER_APPICON_NAME = AppIcon;
				CODE_SIGN_STYLE = Automatic;
				DEVELOPMENT_TEAM = CGJ26TURLN;
				INFOPLIST_FILE = GiststestApp/Info.plist;
				LD_RUNPATH_SEARCH_PATHS = (
					"$(inherited)",
					"@executable_path/Frameworks",
				);
				PRODUCT_BUNDLE_IDENTIFIER = "-QHR8U4Y8.GiststestApp";
				PRODUCT_NAME = "$(TARGET_NAME)";
				SWIFT_VERSION = 4.0;
				TARGETED_DEVICE_FAMILY = "1,2";
			};
			name = Debug;
		};
		37672F962132D16C00557F1E /* Release */ = {
			isa = XCBuildConfiguration;
			baseConfigurationReference = 1DB158412591F62E7EBDE7BC /* Pods-GiststestApp.release.xcconfig */;
			buildSettings = {
				ASSETCATALOG_COMPILER_APPICON_NAME = AppIcon;
				CODE_SIGN_STYLE = Automatic;
				DEVELOPMENT_TEAM = CGJ26TURLN;
				INFOPLIST_FILE = GiststestApp/Info.plist;
				LD_RUNPATH_SEARCH_PATHS = (
					"$(inherited)",
					"@executable_path/Frameworks",
				);
				PRODUCT_BUNDLE_IDENTIFIER = "-QHR8U4Y8.GiststestApp";
				PRODUCT_NAME = "$(TARGET_NAME)";
				SWIFT_VERSION = 4.0;
				TARGETED_DEVICE_FAMILY = "1,2";
			};
			name = Release;
		};
/* End XCBuildConfiguration section */

/* Begin XCConfigurationList section */
		37672F7D2132D16800557F1E /* Build configuration list for PBXProject "GiststestApp" */ = {
			isa = XCConfigurationList;
			buildConfigurations = (
				37672F922132D16C00557F1E /* Debug */,
				37672F932132D16C00557F1E /* Release */,
			);
			defaultConfigurationIsVisible = 0;
			defaultConfigurationName = Release;
		};
		37672F942132D16C00557F1E /* Build configuration list for PBXNativeTarget "GiststestApp" */ = {
			isa = XCConfigurationList;
			buildConfigurations = (
				37672F952132D16C00557F1E /* Debug */,
				37672F962132D16C00557F1E /* Release */,
			);
			defaultConfigurationIsVisible = 0;
			defaultConfigurationName = Release;
		};
/* End XCConfigurationList section */
	};
	rootObject = 37672F7A2132D16800557F1E /* Project object */;
}
